
Microsoft Visual Studio Solution File, Format Version 12.00
# Visual Studio 14
VisualStudioVersion = 14.0.25420.1
MinimumVisualStudioVersion = 10.0.40219.1
Project("{FAE04EC0-301F-11D3-BF4B-00C04F79EFBC}") = "PP2_W3D1", "PP2_W3D1\PP2_W3D1.csproj", "{B4306F8D-CEFB-40E1-B022-3A034FB2C8CD}"
EndProject
Project("{FAE04EC0-301F-11D3-BF4B-00C04F79EFBC}") = "Example2", "Example2\Example2.csproj", "{66862B55-036C-40F1-AADB-029342F6A1EB}"
EndProject
Global
	GlobalSection(SolutionConfigurationPlatforms) = preSolution
		Debug|Any CPU = Debug|Any CPU
		Release|Any CPU = Release|Any CPU
	EndGlobalSection
	GlobalSection(ProjectConfigurationPlatforms) = postSolution
		{B4306F8D-CEFB-40E1-B022-3A034FB2C8CD}.Debug|Any CPU.ActiveCfg = Debug|Any CPU
		{B4306F8D-CEFB-40E1-B022-3A034FB2C8CD}.Debug|Any CPU.Build.0 = Debug|Any CPU
		{B4306F8D-CEFB-40E1-B022-3A034FB2C8CD}.Release|Any CPU.ActiveCfg = Release|Any CPU
		{B4306F8D-CEFB-40E1-B022-3A034FB2C8CD}.Release|Any CPU.Build.0 = Release|Any CPU
		{66862B55-036C-40F1-AADB-029342F6A1EB}.Debug|Any CPU.ActiveCfg = Debug|Any CPU
		{66862B55-036C-40F1-AADB-029342F6A1EB}.Debug|Any CPU.Build.0 = Debug|Any CPU
		{66862B55-036C-40F1-AADB-029342F6A1EB}.Release|Any CPU.ActiveCfg = Release|Any CPU
		{66862B55-036C-40F1-AADB-029342F6A1EB}.Release|Any CPU.Build.0 = Release|Any CPU
	EndGlobalSection
	GlobalSection(SolutionProperties) = preSolution
		HideSolutionNode = FALSE
	EndGlobalSection
EndGlobal
